// !$*UTF8*$!
{
	archiveVersion = 1;
	classes = {
	};
	objectVersion = 56;
	objects = {

/* Begin PBXBuildFile section */
		C39345E62AB8A3AF005DF1D3 /* AppDelegate.swift in Sources */ = {isa = PBXBuildFile; fileRef = C39345E52AB8A3AF005DF1D3 /* AppDelegate.swift */; };
		C39345E82AB8A3AF005DF1D3 /* SceneDelegate.swift in Sources */ = {isa = PBXBuildFile; fileRef = C39345E72AB8A3AF005DF1D3 /* SceneDelegate.swift */; };
		C39345EA2AB8A3AF005DF1D3 /* ViewController.swift in Sources */ = {isa = PBXBuildFile; fileRef = C39345E92AB8A3AF005DF1D3 /* ViewController.swift */; };
		C39345ED2AB8A3AF005DF1D3 /* Main.storyboard in Resources */ = {isa = PBXBuildFile; fileRef = C39345EB2AB8A3AF005DF1D3 /* Main.storyboard */; };
		C39345F02AB8A3AF005DF1D3 /* CoreData_TodoList.xcdatamodeld in Sources */ = {isa = PBXBuildFile; fileRef = C39345EE2AB8A3AF005DF1D3 /* CoreData_TodoList.xcdatamodeld */; };
		C39345F22AB8A3B0005DF1D3 /* Assets.xcassets in Resources */ = {isa = PBXBuildFile; fileRef = C39345F12AB8A3B0005DF1D3 /* Assets.xcassets */; };
		C39345F52AB8A3B0005DF1D3 /* LaunchScreen.storyboard in Resources */ = {isa = PBXBuildFile; fileRef = C39345F32AB8A3B0005DF1D3 /* LaunchScreen.storyboard */; };
/* End PBXBuildFile section */

/* Begin PBXFileReference section */
		C39345E22AB8A3AF005DF1D3 /* CoreData-TodoList.app */ = {isa = PBXFileReference; explicitFileType = wrapper.application; includeInIndex = 0; path = "CoreData-TodoList.app"; sourceTree = BUILT_PRODUCTS_DIR; };
		C39345E52AB8A3AF005DF1D3 /* AppDelegate.swift */ = {isa = PBXFileReference; lastKnownFileType = sourcecode.swift; path = AppDelegate.swift; sourceTree = "<group>"; };
		C39345E72AB8A3AF005DF1D3 /* SceneDelegate.swift */ = {isa = PBXFileReference; lastKnownFileType = sourcecode.swift; path = SceneDelegate.swift; sourceTree = "<group>"; };
		C39345E92AB8A3AF005DF1D3 /* ViewController.swift */ = {isa = PBXFileReference; lastKnownFileType = sourcecode.swift; path = ViewController.swift; sourceTree = "<group>"; };
		C39345EC2AB8A3AF005DF1D3 /* Base */ = {isa = PBXFileReference; lastKnownFileType = file.storyboard; name = Base; path = Base.lproj/Main.storyboard; sourceTree = "<group>"; };
		C39345EF2AB8A3AF005DF1D3 /* CoreData_TodoList.xcdatamodel */ = {isa = PBXFileReference; lastKnownFileType = wrapper.xcdatamodel; path = CoreData_TodoList.xcdatamodel; sourceTree = "<group>"; };
		C39345F12AB8A3B0005DF1D3 /* Assets.xcassets */ = {isa = PBXFileReference; lastKnownFileType = folder.assetcatalog; path = Assets.xcassets; sourceTree = "<group>"; };
		C39345F42AB8A3B0005DF1D3 /* Base */ = {isa = PBXFileReference; lastKnownFileType = file.storyboard; name = Base; path = Base.lproj/LaunchScreen.storyboard; sourceTree = "<group>"; };
		C39345F62AB8A3B0005DF1D3 /* Info.plist */ = {isa = PBXFileReference; lastKnownFileType = text.plist.xml; path = Info.plist; sourceTree = "<group>"; };
/* End PBXFileReference section */

/* Begin PBXFrameworksBuildPhase section */
		C39345DF2AB8A3AF005DF1D3 /* Frameworks */ = {
			isa = PBXFrameworksBuildPhase;
			buildActionMask = 2147483647;
			files = (
			);
			runOnlyForDeploymentPostprocessing = 0;
		};
/* End PBXFrameworksBuildPhase section */

/* Begin PBXGroup section */
		C39345D92AB8A3AF005DF1D3 = {
			isa = PBXGroup;
			children = (
				C39345E42AB8A3AF005DF1D3 /* CoreData-TodoList */,
				C39345E32AB8A3AF005DF1D3 /* Products */,
			);
			sourceTree = "<group>";
		};
		C39345E32AB8A3AF005DF1D3 /* Products */ = {
			isa = PBXGroup;
			children = (
				C39345E22AB8A3AF005DF1D3 /* CoreData-TodoList.app */,
			);
			name = Products;
			sourceTree = "<group>";
		};
		C39345E42AB8A3AF005DF1D3 /* CoreData-TodoList */ = {
			isa = PBXGroup;
			children = (
				C39345E52AB8A3AF005DF1D3 /* AppDelegate.swift */,
				C39345E72AB8A3AF005DF1D3 /* SceneDelegate.swift */,
				C39345E92AB8A3AF005DF1D3 /* ViewController.swift */,
				C39345EB2AB8A3AF005DF1D3 /* Main.storyboard */,
				C39345F12AB8A3B0005DF1D3 /* Assets.xcassets */,
				C39345F32AB8A3B0005DF1D3 /* LaunchScreen.storyboard */,
				C39345F62AB8A3B0005DF1D3 /* Info.plist */,
				C39345EE2AB8A3AF005DF1D3 /* CoreData_TodoList.xcdatamodeld */,
			);
			path = "CoreData-TodoList";
			sourceTree = "<group>";
		};
/* End PBXGroup section */

/* Begin PBXNativeTarget section */
		C39345E12AB8A3AF005DF1D3 /* CoreData-TodoList */ = {
			isa = PBXNativeTarget;
			buildConfigurationList = C39345F92AB8A3B0005DF1D3 /* Build configuration list for PBXNativeTarget "CoreData-TodoList" */;
			buildPhases = (
				C39345DE2AB8A3AF005DF1D3 /* Sources */,
				C39345DF2AB8A3AF005DF1D3 /* Frameworks */,
				C39345E02AB8A3AF005DF1D3 /* Resources */,
			);
			buildRules = (
			);
			dependencies = (
			);
			name = "CoreData-TodoList";
			productName = "CoreData-TodoList";
			productReference = C39345E22AB8A3AF005DF1D3 /* CoreData-TodoList.app */;
			productType = "com.apple.product-type.application";
		};
/* End PBXNativeTarget section */

/* Begin PBXProject section */
		C39345DA2AB8A3AF005DF1D3 /* Project object */ = {
			isa = PBXProject;
			attributes = {
				BuildIndependentTargetsInParallel = 1;
				LastSwiftUpdateCheck = 1430;
				LastUpgradeCheck = 1430;
				TargetAttributes = {
					C39345E12AB8A3AF005DF1D3 = {
						CreatedOnToolsVersion = 14.3.1;
					};
				};
			};
			buildConfigurationList = C39345DD2AB8A3AF005DF1D3 /* Build configuration list for PBXProject "CoreData-TodoList" */;
			compatibilityVersion = "Xcode 14.0";
			developmentRegion = en;
			hasScannedForEncodings = 0;
			knownRegions = (
				en,
				Base,
			);
			mainGroup = C39345D92AB8A3AF005DF1D3;
			productRefGroup = C39345E32AB8A3AF005DF1D3 /* Products */;
			projectDirPath = "";
			projectRoot = "";
			targets = (
				C39345E12AB8A3AF005DF1D3 /* CoreData-TodoList */,
			);
		};
/* End PBXProject section */

/* Begin PBXResourcesBuildPhase section */
		C39345E02AB8A3AF005DF1D3 /* Resources */ = {
			isa = PBXResourcesBuildPhase;
			buildActionMask = 2147483647;
			files = (
				C39345F52AB8A3B0005DF1D3 /* LaunchScreen.storyboard in Resources */,
				C39345F22AB8A3B0005DF1D3 /* Assets.xcassets in Resources */,
				C39345ED2AB8A3AF005DF1D3 /* Main.storyboard in Resources */,
			);
			runOnlyForDeploymentPostprocessing = 0;
		};
/* End PBXResourcesBuildPhase section */

/* Begin PBXSourcesBuildPhase section */
		C39345DE2AB8A3AF005DF1D3 /* Sources */ = {
			isa = PBXSourcesBuildPhase;
			buildActionMask = 2147483647;
			files = (
				C39345EA2AB8A3AF005DF1D3 /* ViewController.swift in Sources */,
				C39345E62AB8A3AF005DF1D3 /* AppDelegate.swift in Sources */,
				C39345F02AB8A3AF005DF1D3 /* CoreData_TodoList.xcdatamodeld in Sources */,
				C39345E82AB8A3AF005DF1D3 /* SceneDelegate.swift in Sources */,
			);
			runOnlyForDeploymentPostprocessing = 0;
		};
/* End PBXSourcesBuildPhase section */

/* Begin PBXVariantGroup section */
		C39345EB2AB8A3AF005DF1D3 /* Main.storyboard */ = {
			isa = PBXVariantGroup;
			children = (
				C39345EC2AB8A3AF005DF1D3 /* Base */,
			);
			name = Main.storyboard;
			sourceTree = "<group>";
		};
		C39345F32AB8A3B0005DF1D3 /* LaunchScreen.storyboard */ = {
			isa = PBXVariantGroup;
			children = (
				C39345F42AB8A3B0005DF1D3 /* Base */,
			);
			name = LaunchScreen.storyboard;
			sourceTree = "<group>";
		};
/* End PBXVariantGroup section */

/* Begin XCBuildConfiguration section */
		C39345F72AB8A3B0005DF1D3 /* Debug */ = {
			isa = XCBuildConfiguration;
			buildSettings = {
				ALWAYS_SEARCH_USER_PATHS = NO;
				CLANG_ANALYZER_NONNULL = YES;
				CLANG_ANALYZER_NUMBER_OBJECT_CONVERSION = YES_AGGRESSIVE;
				CLANG_CXX_LANGUAGE_STANDARD = "gnu++20";
				CLANG_ENABLE_MODULES = YES;
				CLANG_ENABLE_OBJC_ARC = YES;
				CLANG_ENABLE_OBJC_WEAK = YES;
				CLANG_WARN_BLOCK_CAPTURE_AUTORELEASING = YES;
				CLANG_WARN_BOOL_CONVERSION = YES;
				CLANG_WARN_COMMA = YES;
				CLANG_WARN_CONSTANT_CONVERSION = YES;
				CLANG_WARN_DEPRECATED_OBJC_IMPLEMENTATIONS = YES;
				CLANG_WARN_DIRECT_OBJC_ISA_USAGE = YES_ERROR;
				CLANG_WARN_DOCUMENTATION_COMMENTS = YES;
				CLANG_WARN_EMPTY_BODY = YES;
				CLANG_WARN_ENUM_CONVERSION = YES;
				CLANG_WARN_INFINITE_RECURSION = YES;
				CLANG_WARN_INT_CONVERSION = YES;
				CLANG_WARN_NON_LITERAL_NULL_CONVERSION = YES;
				CLANG_WARN_OBJC_IMPLICIT_RETAIN_SELF = YES;
				CLANG_WARN_OBJC_LITERAL_CONVERSION = YES;
				CLANG_WARN_OBJC_ROOT_CLASS = YES_ERROR;
				CLANG_WARN_QUOTED_INCLUDE_IN_FRAMEWORK_HEADER = YES;
				CLANG_WARN_RANGE_LOOP_ANALYSIS = YES;
				CLANG_WARN_STRICT_PROTOTYPES = YES;
				CLANG_WARN_SUSPICIOUS_MOVE = YES;
				CLANG_WARN_UNGUARDED_AVAILABILITY = YES_AGGRESSIVE;
				CLANG_WARN_UNREACHABLE_CODE = YES;
				CLANG_WARN__DUPLICATE_METHOD_MATCH = YES;
				COPY_PHASE_STRIP = NO;
				DEBUG_INFORMATION_FORMAT = dwarf;
				ENABLE_STRICT_OBJC_MSGSEND = YES;
				ENABLE_TESTABILITY = YES;
				GCC_C_LANGUAGE_STANDARD = gnu11;
				GCC_DYNAMIC_NO_PIC = NO;
				GCC_NO_COMMON_BLOCKS = YES;
				GCC_OPTIMIZATION_LEVEL = 0;
				GCC_PREPROCESSOR_DEFINITIONS = (
					"DEBUG=1",
					"$(inherited)",
				);
				GCC_WARN_64_TO_32_BIT_CONVERSION = YES;
				GCC_WARN_ABOUT_RETURN_TYPE = YES_ERROR;
				GCC_WARN_UNDECLARED_SELECTOR = YES;
				GCC_WARN_UNINITIALIZED_AUTOS = YES_AGGRESSIVE;
				GCC_WARN_UNUSED_FUNCTION = YES;
				GCC_WARN_UNUSED_VARIABLE = YES;
				IPHONEOS_DEPLOYMENT_TARGET = 16.4;
				MTL_ENABLE_DEBUG_INFO = INCLUDE_SOURCE;
				MTL_FAST_MATH = YES;
				ONLY_ACTIVE_ARCH = YES;
				SDKROOT = iphoneos;
				SWIFT_ACTIVE_COMPILATION_CONDITIONS = DEBUG;
				SWIFT_OPTIMIZATION_LEVEL = "-Onone";
			};
			name = Debug;
		};
		C39345F82AB8A3B0005DF1D3 /* Release */ = {
			isa = XCBuildConfiguration;
			buildSettings = {
				ALWAYS_SEARCH_USER_PATHS = NO;
				CLANG_ANALYZER_NONNULL = YES;
				CLANG_ANALYZER_NUMBER_OBJECT_CONVERSION = YES_AGGRESSIVE;
				CLANG_CXX_LANGUAGE_STANDARD = "gnu++20";
				CLANG_ENABLE_MODULES = YES;
				CLANG_ENABLE_OBJC_ARC = YES;
				CLANG_ENABLE_OBJC_WEAK = YES;
				CLANG_WARN_BLOCK_CAPTURE_AUTORELEASING = YES;
				CLANG_WARN_BOOL_CONVERSION = YES;
				CLANG_WARN_COMMA = YES;
				CLANG_WARN_CONSTANT_CONVERSION = YES;
				CLANG_WARN_DEPRECATED_OBJC_IMPLEMENTATIONS = YES;
				CLANG_WARN_DIRECT_OBJC_ISA_USAGE = YES_ERROR;
				CLANG_WARN_DOCUMENTATION_COMMENTS = YES;
				CLANG_WARN_EMPTY_BODY = YES;
				CLANG_WARN_ENUM_CONVERSION = YES;
				CLANG_WARN_INFINITE_RECURSION = YES;
				CLANG_WARN_INT_CONVERSION = YES;
				CLANG_WARN_NON_LITERAL_NULL_CONVERSION = YES;
				CLANG_WARN_OBJC_IMPLICIT_RETAIN_SELF = YES;
				CLANG_WARN_OBJC_LITERAL_CONVERSION = YES;
				CLANG_WARN_OBJC_ROOT_CLASS = YES_ERROR;
				CLANG_WARN_QUOTED_INCLUDE_IN_FRAMEWORK_HEADER = YES;
				CLANG_WARN_RANGE_LOOP_ANALYSIS = YES;
				CLANG_WARN_STRICT_PROTOTYPES = YES;
				CLANG_WARN_SUSPICIOUS_MOVE = YES;
				CLANG_WARN_UNGUARDED_AVAILABILITY = YES_AGGRESSIVE;
				CLANG_WARN_UNREACHABLE_CODE = YES;
				CLANG_WARN__DUPLICATE_METHOD_MATCH = YES;
				COPY_PHASE_STRIP = NO;
				DEBUG_INFORMATION_FORMAT = "dwarf-with-dsym";
				ENABLE_NS_ASSERTIONS = NO;
				ENABLE_STRICT_OBJC_MSGSEND = YES;
				GCC_C_LANGUAGE_STANDARD = gnu11;
				GCC_NO_COMMON_BLOCKS = YES;
				GCC_WARN_64_TO_32_BIT_CONVERSION = YES;
				GCC_WARN_ABOUT_RETURN_TYPE = YES_ERROR;
				GCC_WARN_UNDECLARED_SELECTOR = YES;
				GCC_WARN_UNINITIALIZED_AUTOS = YES_AGGRESSIVE;
				GCC_WARN_UNUSED_FUNCTION = YES;
				GCC_WARN_UNUSED_VARIABLE = YES;
				IPHONEOS_DEPLOYMENT_TARGET = 16.4;
				MTL_ENABLE_DEBUG_INFO = NO;
				MTL_FAST_MATH = YES;
				SDKROOT = iphoneos;
				SWIFT_COMPILATION_MODE = wholemodule;
				SWIFT_OPTIMIZATION_LEVEL = "-O";
				VALIDATE_PRODUCT = YES;
			};
			name = Release;
		};
		C39345FA2AB8A3B0005DF1D3 /* Debug */ = {
			isa = XCBuildConfiguration;
			buildSettings = {
				ASSETCATALOG_COMPILER_APPICON_NAME = AppIcon;
				ASSETCATALOG_COMPILER_GLOBAL_ACCENT_COLOR_NAME = AccentColor;
				CODE_SIGN_STYLE = Automatic;
				CURRENT_PROJECT_VERSION = 1;
				DEVELOPMENT_TEAM = 6YQ5832X73;
				GENERATE_INFOPLIST_FILE = YES;
				INFOPLIST_FILE = "CoreData-TodoList/Info.plist";
				INFOPLIST_KEY_UIApplicationSupportsIndirectInputEvents = YES;
				INFOPLIST_KEY_UILaunchStoryboardName = LaunchScreen;
				INFOPLIST_KEY_UIMainStoryboardFile = Main;
				INFOPLIST_KEY_UISupportedInterfaceOrientations_iPad = "UIInterfaceOrientationPortrait UIInterfaceOrientationPortraitUpsideDown UIInterfaceOrientationLandscapeLeft UIInterfaceOrientationLandscapeRight";
				INFOPLIST_KEY_UISupportedInterfaceOrientations_iPhone = "UIInterfaceOrientationPortrait UIInterfaceOrientationLandscapeLeft UIInterfaceOrientationLandscapeRight";
				LD_RUNPATH_SEARCH_PATHS = (
					"$(inherited)",
					"@executable_path/Frameworks",
				);
				MARKETING_VERSION = 1.0;
				PRODUCT_BUNDLE_IDENTIFIER = "seryeong.CoreData-TodoList";
				PRODUCT_NAME = "$(TARGET_NAME)";
				SWIFT_EMIT_LOC_STRINGS = YES;
				SWIFT_VERSION = 5.0;
				TARGETED_DEVICE_FAMILY = "1,2";
			};
			name = Debug;
		};
		C39345FB2AB8A3B0005DF1D3 /* Release */ = {
			isa = XCBuildConfiguration;
			buildSettings = {
				ASSETCATALOG_COMPILER_APPICON_NAME = AppIcon;
				ASSETCATALOG_COMPILER_GLOBAL_ACCENT_COLOR_NAME = AccentColor;
				CODE_SIGN_STYLE = Automatic;
				CURRENT_PROJECT_VERSION = 1;
				DEVELOPMENT_TEAM = 6YQ5832X73;
				GENERATE_INFOPLIST_FILE = YES;
				INFOPLIST_FILE = "CoreData-TodoList/Info.plist";
				INFOPLIST_KEY_UIApplicationSupportsIndirectInputEvents = YES;
				INFOPLIST_KEY_UILaunchStoryboardName = LaunchScreen;
				INFOPLIST_KEY_UIMainStoryboardFile = Main;
				INFOPLIST_KEY_UISupportedInterfaceOrientations_iPad = "UIInterfaceOrientationPortrait UIInterfaceOrientationPortraitUpsideDown UIInterfaceOrientationLandscapeLeft UIInterfaceOrientationLandscapeRight";
				INFOPLIST_KEY_UISupportedInterfaceOrientations_iPhone = "UIInterfaceOrientationPortrait UIInterfaceOrientationLandscapeLeft UIInterfaceOrientationLandscapeRight";
				LD_RUNPATH_SEARCH_PATHS = (
					"$(inherited)",
					"@executable_path/Frameworks",
				);
				MARKETING_VERSION = 1.0;
				PRODUCT_BUNDLE_IDENTIFIER = "seryeong.CoreData-TodoList";
				PRODUCT_NAME = "$(TARGET_NAME)";
				SWIFT_EMIT_LOC_STRINGS = YES;
				SWIFT_VERSION = 5.0;
				TARGETED_DEVICE_FAMILY = "1,2";
			};
			name = Release;
		};
/* End XCBuildConfiguration section */

/* Begin XCConfigurationList section */
		C39345DD2AB8A3AF005DF1D3 /* Build configuration list for PBXProject "CoreData-TodoList" */ = {
			isa = XCConfigurationList;
			buildConfigurations = (
				C39345F72AB8A3B0005DF1D3 /* Debug */,
				C39345F82AB8A3B0005DF1D3 /* Release */,
			);
			defaultConfigurationIsVisible = 0;
			defaultConfigurationName = Release;
		};
		C39345F92AB8A3B0005DF1D3 /* Build configuration list for PBXNativeTarget "CoreData-TodoList" */ = {
			isa = XCConfigurationList;
			buildConfigurations = (
				C39345FA2AB8A3B0005DF1D3 /* Debug */,
				C39345FB2AB8A3B0005DF1D3 /* Release */,
			);
			defaultConfigurationIsVisible = 0;
			defaultConfigurationName = Release;
		};
/* End XCConfigurationList section */

/* Begin XCVersionGroup section */
		C39345EE2AB8A3AF005DF1D3 /* CoreData_TodoList.xcdatamodeld */ = {
			isa = XCVersionGroup;
			children = (
				C39345EF2AB8A3AF005DF1D3 /* CoreData_TodoList.xcdatamodel */,
			);
			currentVersion = C39345EF2AB8A3AF005DF1D3 /* CoreData_TodoList.xcdatamodel */;
			path = CoreData_TodoList.xcdatamodeld;
			sourceTree = "<group>";
			versionGroupType = wrapper.xcdatamodel;
		};
/* End XCVersionGroup section */
	};
	rootObject = C39345DA2AB8A3AF005DF1D3 /* Project object */;
}
